<?xml version="1.0" encoding="UTF-8" standalone="yes" ?>
<CodeBlocks_project_file>
	<FileVersion major="1" minor="6" />
	<Project>
		<Option title="Game" />
		<Option pch_mode="2" />
		<Option compiler="gcc" />
		<Build>
			<Target title="Debug">
				<Option output="bin/Debug/Game" prefix_auto="1" extension_auto="1" />
				<Option object_output="obj/Debug/" />
				<Option type="1" />
				<Option compiler="gcc" />
				<Compiler>
					<Add option="-g" />
				</Compiler>
			</Target>
			<Target title="Release">
				<Option output="bin/Release/Game" prefix_auto="1" extension_auto="1" />
				<Option object_output="obj/Release/" />
				<Option type="1" />
				<Option compiler="gcc" />
				<Compiler>
					<Add option="-O2" />
				</Compiler>
				<Linker>
					<Add option="-s" />
				</Linker>
			</Target>
		</Build>
		<Compiler>
			<Add option="-Wall" />
		</Compiler>
		<Unit filename="anh.cpp" />
		<Unit filename="anh.h">
			<Option target="&lt;{~None~}&gt;" />
		</Unit>
		<Unit filename="bom.cpp" />
		<Unit filename="bom.h">
			<Option target="&lt;{~None~}&gt;" />
		</Unit>
		<Unit filename="boss.cpp" />
		<Unit filename="boss.h">
			<Option target="&lt;{~None~}&gt;" />
		</Unit>
		<Unit filename="chu.cpp" />
		<Unit filename="chu.h">
			<Option target="&lt;{~None~}&gt;" />
		</Unit>
		<Unit filename="chung.cpp" />
		<Unit filename="chung.h">
			<Option target="&lt;{~None~}&gt;" />
		</Unit>
		<Unit filename="dan.cpp" />
		<Unit filename="dan.h">
			<Option target="&lt;{~None~}&gt;" />
		</Unit>
		<Unit filename="fps.cpp" />
		<Unit filename="fps.h">
			<Option target="&lt;{~None~}&gt;" />
		</Unit>
		<Unit filename="main.cpp" />
		<Unit filename="mang.cpp" />
		<Unit filename="mang.h">
			<Option target="&lt;{~None~}&gt;" />
		</Unit>
		<Unit filename="map.cpp" />
		<Unit filename="map.h">
			<Option target="&lt;{~None~}&gt;" />
		</Unit>
		<Unit filename="nhanvat.cpp" />
		<Unit filename="nhanvat.h">
			<Option target="&lt;{~None~}&gt;" />
		</Unit>
		<Unit filename="no.cpp" />
		<Unit filename="no.h">
			<Option target="&lt;{~None~}&gt;" />
		</Unit>
		<Unit filename="quai.cpp" />
		<Unit filename="quai.h">
			<Option target="&lt;{~None~}&gt;" />
		</Unit>
		<Unit filename="ve.cpp" />
		<Unit filename="ve.h">
			<Option target="&lt;{~None~}&gt;" />
		</Unit>
		<Extensions />
	</Project>
</CodeBlocks_project_file>
